
Microsoft Visual Studio Solution File, Format Version 12.00
# Visual Studio Version 16
VisualStudioVersion = 16.0.29230.47
MinimumVisualStudioVersion = 10.0.40219.1
Project("{FAE04EC0-301F-11D3-BF4B-00C04F79EFBC}") = "Research.AppServiceAuth.Web", "Research.AppServiceAuth.Web\Research.AppServiceAuth.Web.csproj", "{012E57C0-1637-4325-806B-F803B6801552}"
EndProject
Global
	GlobalSection(SolutionConfigurationPlatforms) = preSolution
		Debug|Any CPU = Debug|Any CPU
		Release|Any CPU = Release|Any CPU
	EndGlobalSection
	GlobalSection(ProjectConfigurationPlatforms) = postSolution
		{012E57C0-1637-4325-806B-F803B6801552}.Debug|Any CPU.ActiveCfg = Debug|Any CPU
		{012E57C0-1637-4325-806B-F803B6801552}.Debug|Any CPU.Build.0 = Debug|Any CPU
		{012E57C0-1637-4325-806B-F803B6801552}.Release|Any CPU.ActiveCfg = Release|Any CPU
		{012E57C0-1637-4325-806B-F803B6801552}.Release|Any CPU.Build.0 = Release|Any CPU
	EndGlobalSection
	GlobalSection(SolutionProperties) = preSolution
		HideSolutionNode = FALSE
	EndGlobalSection
	GlobalSection(ExtensibilityGlobals) = postSolution
		SolutionGuid = {B5291BCA-7BBF-4C8B-8BB3-E21EDC783A43}
	EndGlobalSection
EndGlobal
